
Microsoft Visual Studio Solution File, Format Version 12.00
# Visual Studio Version 17
VisualStudioVersion = 17.9.34723.18
MinimumVisualStudioVersion = 10.0.40219.1
Project("{FAE04EC0-301F-11D3-BF4B-00C04F79EFBC}") = "Exsr8", "Exsr8\Exsr8.csproj", "{4A0F2E8A-A4EC-40F3-83C7-01F2EB5DB9F6}"
EndProject
Project("{FAE04EC0-301F-11D3-BF4B-00C04F79EFBC}") = "Tests", "Tests\Tests.csproj", "{CFEAC2F0-E249-4440-8459-73EF44FBE983}"
EndProject
Global
	GlobalSection(SolutionConfigurationPlatforms) = preSolution
		Debug|Any CPU = Debug|Any CPU
		Release|Any CPU = Release|Any CPU
	EndGlobalSection
	GlobalSection(ProjectConfigurationPlatforms) = postSolution
		{4A0F2E8A-A4EC-40F3-83C7-01F2EB5DB9F6}.Debug|Any CPU.ActiveCfg = Debug|Any CPU
		{4A0F2E8A-A4EC-40F3-83C7-01F2EB5DB9F6}.Debug|Any CPU.Build.0 = Debug|Any CPU
		{4A0F2E8A-A4EC-40F3-83C7-01F2EB5DB9F6}.Release|Any CPU.ActiveCfg = Release|Any CPU
		{4A0F2E8A-A4EC-40F3-83C7-01F2EB5DB9F6}.Release|Any CPU.Build.0 = Release|Any CPU
		{CFEAC2F0-E249-4440-8459-73EF44FBE983}.Debug|Any CPU.ActiveCfg = Debug|Any CPU
		{CFEAC2F0-E249-4440-8459-73EF44FBE983}.Debug|Any CPU.Build.0 = Debug|Any CPU
		{CFEAC2F0-E249-4440-8459-73EF44FBE983}.Release|Any CPU.ActiveCfg = Release|Any CPU
		{CFEAC2F0-E249-4440-8459-73EF44FBE983}.Release|Any CPU.Build.0 = Release|Any CPU
	EndGlobalSection
	GlobalSection(SolutionProperties) = preSolution
		HideSolutionNode = FALSE
	EndGlobalSection
	GlobalSection(ExtensibilityGlobals) = postSolution
		SolutionGuid = {C17AA086-EEFC-4421-9A1A-31503CF60B88}
	EndGlobalSection
EndGlobal
